// !$*UTF8*$!
{
	archiveVersion = 1;
	classes = {
	};
	objectVersion = 46;
	objects = {

/* Begin PBXBuildFile section */
		D4A985191D3C878E001407AB /* WXPay.h in CopyFiles */ = {isa = PBXBuildFile; fileRef = D4A985181D3C878E001407AB /* WXPay.h */; };
		D4A9851B1D3C878E001407AB /* WXPay.m in Sources */ = {isa = PBXBuildFile; fileRef = D4A9851A1D3C878E001407AB /* WXPay.m */; };
		D4A985591D3CA2EE001407AB /* libWeChatSDK.a in Frameworks */ = {isa = PBXBuildFile; fileRef = D4A985551D3CA2EE001407AB /* libWeChatSDK.a */; };
/* End PBXBuildFile section */

/* Begin PBXCopyFilesBuildPhase section */
		D4A985131D3C878E001407AB /* CopyFiles */ = {
			isa = PBXCopyFilesBuildPhase;
			buildActionMask = 2147483647;
			dstPath = "include/$(PRODUCT_NAME)";
			dstSubfolderSpec = 16;
			files = (
				D4A985191D3C878E001407AB /* WXPay.h in CopyFiles */,
			);
			runOnlyForDeploymentPostprocessing = 0;
		};
/* End PBXCopyFilesBuildPhase section */

/* Begin PBXFileReference section */
		D4A985151D3C878E001407AB /* libWXPay.a */ = {isa = PBXFileReference; explicitFileType = archive.ar; includeInIndex = 0; path = libWXPay.a; sourceTree = BUILT_PRODUCTS_DIR; };
		D4A985181D3C878E001407AB /* WXPay.h */ = {isa = PBXFileReference; lastKnownFileType = sourcecode.c.h; path = WXPay.h; sourceTree = "<group>"; };
		D4A9851A1D3C878E001407AB /* WXPay.m */ = {isa = PBXFileReference; lastKnownFileType = sourcecode.c.objc; path = WXPay.m; sourceTree = "<group>"; };
		D4A985551D3CA2EE001407AB /* libWeChatSDK.a */ = {isa = PBXFileReference; lastKnownFileType = archive.ar; path = libWeChatSDK.a; sourceTree = "<group>"; };
		D4A985561D3CA2EE001407AB /* WechatAuthSDK.h */ = {isa = PBXFileReference; fileEncoding = 4; lastKnownFileType = sourcecode.c.h; path = WechatAuthSDK.h; sourceTree = "<group>"; };
		D4A985571D3CA2EE001407AB /* WXApi.h */ = {isa = PBXFileReference; fileEncoding = 4; lastKnownFileType = sourcecode.c.h; path = WXApi.h; sourceTree = "<group>"; };
		D4A985581D3CA2EE001407AB /* WXApiObject.h */ = {isa = PBXFileReference; fileEncoding = 4; lastKnownFileType = sourcecode.c.h; path = WXApiObject.h; sourceTree = "<group>"; };
/* End PBXFileReference section */

/* Begin PBXFrameworksBuildPhase section */
		D4A985121D3C878E001407AB /* Frameworks */ = {
			isa = PBXFrameworksBuildPhase;
			buildActionMask = 2147483647;
			files = (
				D4A985591D3CA2EE001407AB /* libWeChatSDK.a in Frameworks */,
			);
			runOnlyForDeploymentPostprocessing = 0;
		};
/* End PBXFrameworksBuildPhase section */

/* Begin PBXGroup section */
		D4A9850C1D3C878E001407AB = {
			isa = PBXGroup;
			children = (
				D4A985171D3C878E001407AB /* WXPay */,
				D4A985161D3C878E001407AB /* Products */,
			);
			sourceTree = "<group>";
		};
		D4A985161D3C878E001407AB /* Products */ = {
			isa = PBXGroup;
			children = (
				D4A985151D3C878E001407AB /* libWXPay.a */,
			);
			name = Products;
			sourceTree = "<group>";
		};
		D4A985171D3C878E001407AB /* WXPay */ = {
			isa = PBXGroup;
			children = (
				D4A985541D3CA2C3001407AB /* WXSDK */,
				D4A985181D3C878E001407AB /* WXPay.h */,
				D4A9851A1D3C878E001407AB /* WXPay.m */,
			);
			path = WXPay;
			sourceTree = "<group>";
		};
		D4A985541D3CA2C3001407AB /* WXSDK */ = {
			isa = PBXGroup;
			children = (
				D4A985551D3CA2EE001407AB /* libWeChatSDK.a */,
				D4A985561D3CA2EE001407AB /* WechatAuthSDK.h */,
				D4A985571D3CA2EE001407AB /* WXApi.h */,
				D4A985581D3CA2EE001407AB /* WXApiObject.h */,
			);
			name = WXSDK;
			sourceTree = "<group>";
		};
/* End PBXGroup section */

/* Begin PBXNativeTarget section */
		D4A985141D3C878E001407AB /* WXPay */ = {
			isa = PBXNativeTarget;
			buildConfigurationList = D4A9851E1D3C878E001407AB /* Build configuration list for PBXNativeTarget "WXPay" */;
			buildPhases = (
				D4A985111D3C878E001407AB /* Sources */,
				D4A985121D3C878E001407AB /* Frameworks */,
				D4A985131D3C878E001407AB /* CopyFiles */,
			);
			buildRules = (
			);
			dependencies = (
			);
			name = WXPay;
			productName = WXPay;
			productReference = D4A985151D3C878E001407AB /* libWXPay.a */;
			productType = "com.apple.product-type.library.static";
		};
/* End PBXNativeTarget section */

/* Begin PBXProject section */
		D4A9850D1D3C878E001407AB /* Project object */ = {
			isa = PBXProject;
			attributes = {
				LastUpgradeCheck = 0730;
				ORGANIZATIONNAME = cn.com.jiuqi;
				TargetAttributes = {
					D4A985141D3C878E001407AB = {
						CreatedOnToolsVersion = 7.3.1;
					};
				};
			};
			buildConfigurationList = D4A985101D3C878E001407AB /* Build configuration list for PBXProject "WXPay" */;
			compatibilityVersion = "Xcode 3.2";
			developmentRegion = English;
			hasScannedForEncodings = 0;
			knownRegions = (
				en,
			);
			mainGroup = D4A9850C1D3C878E001407AB;
			productRefGroup = D4A985161D3C878E001407AB /* Products */;
			projectDirPath = "";
			projectRoot = "";
			targets = (
				D4A985141D3C878E001407AB /* WXPay */,
			);
		};
/* End PBXProject section */

/* Begin PBXSourcesBuildPhase section */
		D4A985111D3C878E001407AB /* Sources */ = {
			isa = PBXSourcesBuildPhase;
			buildActionMask = 2147483647;
			files = (
				D4A9851B1D3C878E001407AB /* WXPay.m in Sources */,
			);
			runOnlyForDeploymentPostprocessing = 0;
		};
/* End PBXSourcesBuildPhase section */

/* Begin XCBuildConfiguration section */
		D4A9851C1D3C878E001407AB /* Debug */ = {
			isa = XCBuildConfiguration;
			buildSettings = {
				ALWAYS_SEARCH_USER_PATHS = NO;
				CLANG_ANALYZER_NONNULL = YES;
				CLANG_CXX_LANGUAGE_STANDARD = "gnu++0x";
				CLANG_CXX_LIBRARY = "libc++";
				CLANG_ENABLE_MODULES = YES;
				CLANG_ENABLE_OBJC_ARC = YES;
				CLANG_WARN_BOOL_CONVERSION = YES;
				CLANG_WARN_CONSTANT_CONVERSION = YES;
				CLANG_WARN_DIRECT_OBJC_ISA_USAGE = YES_ERROR;
				CLANG_WARN_EMPTY_BODY = YES;
				CLANG_WARN_ENUM_CONVERSION = YES;
				CLANG_WARN_INT_CONVERSION = YES;
				CLANG_WARN_OBJC_ROOT_CLASS = YES_ERROR;
				CLANG_WARN_UNREACHABLE_CODE = YES;
				CLANG_WARN__DUPLICATE_METHOD_MATCH = YES;
				"CODE_SIGN_IDENTITY[sdk=iphoneos*]" = "iPhone Developer";
				COPY_PHASE_STRIP = NO;
				DEBUG_INFORMATION_FORMAT = dwarf;
				ENABLE_STRICT_OBJC_MSGSEND = YES;
				ENABLE_TESTABILITY = YES;
				GCC_C_LANGUAGE_STANDARD = gnu99;
				GCC_DYNAMIC_NO_PIC = NO;
				GCC_NO_COMMON_BLOCKS = YES;
				GCC_OPTIMIZATION_LEVEL = 0;
				GCC_PREPROCESSOR_DEFINITIONS = (
					"DEBUG=1",
					"$(inherited)",
				);
				GCC_WARN_64_TO_32_BIT_CONVERSION = YES;
				GCC_WARN_ABOUT_RETURN_TYPE = YES_ERROR;
				GCC_WARN_UNDECLARED_SELECTOR = YES;
				GCC_WARN_UNINITIALIZED_AUTOS = YES_AGGRESSIVE;
				GCC_WARN_UNUSED_FUNCTION = YES;
				GCC_WARN_UNUSED_VARIABLE = YES;
				IPHONEOS_DEPLOYMENT_TARGET = 9.3;
				MTL_ENABLE_DEBUG_INFO = YES;
				ONLY_ACTIVE_ARCH = YES;
				SDKROOT = iphoneos;
			};
			name = Debug;
		};
		D4A9851D1D3C878E001407AB /* Release */ = {
			isa = XCBuildConfiguration;
			buildSettings = {
				ALWAYS_SEARCH_USER_PATHS = NO;
				CLANG_ANALYZER_NONNULL = YES;
				CLANG_CXX_LANGUAGE_STANDARD = "gnu++0x";
				CLANG_CXX_LIBRARY = "libc++";
				CLANG_ENABLE_MODULES = YES;
				CLANG_ENABLE_OBJC_ARC = YES;
				CLANG_WARN_BOOL_CONVERSION = YES;
				CLANG_WARN_CONSTANT_CONVERSION = YES;
				CLANG_WARN_DIRECT_OBJC_ISA_USAGE = YES_ERROR;
				CLANG_WARN_EMPTY_BODY = YES;
				CLANG_WARN_ENUM_CONVERSION = YES;
				CLANG_WARN_INT_CONVERSION = YES;
				CLANG_WARN_OBJC_ROOT_CLASS = YES_ERROR;
				CLANG_WARN_UNREACHABLE_CODE = YES;
				CLANG_WARN__DUPLICATE_METHOD_MATCH = YES;
				"CODE_SIGN_IDENTITY[sdk=iphoneos*]" = "iPhone Developer";
				COPY_PHASE_STRIP = NO;
				DEBUG_INFORMATION_FORMAT = "dwarf-with-dsym";
				ENABLE_NS_ASSERTIONS = NO;
				ENABLE_STRICT_OBJC_MSGSEND = YES;
				GCC_C_LANGUAGE_STANDARD = gnu99;
				GCC_NO_COMMON_BLOCKS = YES;
				GCC_WARN_64_TO_32_BIT_CONVERSION = YES;
				GCC_WARN_ABOUT_RETURN_TYPE = YES_ERROR;
				GCC_WARN_UNDECLARED_SELECTOR = YES;
				GCC_WARN_UNINITIALIZED_AUTOS = YES_AGGRESSIVE;
				GCC_WARN_UNUSED_FUNCTION = YES;
				GCC_WARN_UNUSED_VARIABLE = YES;
				IPHONEOS_DEPLOYMENT_TARGET = 9.3;
				MTL_ENABLE_DEBUG_INFO = NO;
				SDKROOT = iphoneos;
				VALIDATE_PRODUCT = YES;
			};
			name = Release;
		};
		D4A9851F1D3C878E001407AB /* Debug */ = {
			isa = XCBuildConfiguration;
			buildSettings = {
				HEADER_SEARCH_PATHS = "$(SRCROOT)/../../react-native/React/**";
				LIBRARY_SEARCH_PATHS = (
					"$(inherited)",
					"$(PROJECT_DIR)/WXPay",
				);
				OTHER_LDFLAGS = "-ObjC";
				PRODUCT_NAME = "$(TARGET_NAME)";
				SKIP_INSTALL = YES;
			};
			name = Debug;
		};
		D4A985201D3C878E001407AB /* Release */ = {
			isa = XCBuildConfiguration;
			buildSettings = {
				HEADER_SEARCH_PATHS = "$(SRCROOT)/../../react-native/React/**";
				LIBRARY_SEARCH_PATHS = (
					"$(inherited)",
					"$(PROJECT_DIR)/WXPay",
				);
				OTHER_LDFLAGS = "-ObjC";
				PRODUCT_NAME = "$(TARGET_NAME)";
				SKIP_INSTALL = YES;
			};
			name = Release;
		};
/* End XCBuildConfiguration section */

/* Begin XCConfigurationList section */
		D4A985101D3C878E001407AB /* Build configuration list for PBXProject "WXPay" */ = {
			isa = XCConfigurationList;
			buildConfigurations = (
				D4A9851C1D3C878E001407AB /* Debug */,
				D4A9851D1D3C878E001407AB /* Release */,
			);
			defaultConfigurationIsVisible = 0;
			defaultConfigurationName = Release;
		};
		D4A9851E1D3C878E001407AB /* Build configuration list for PBXNativeTarget "WXPay" */ = {
			isa = XCConfigurationList;
			buildConfigurations = (
				D4A9851F1D3C878E001407AB /* Debug */,
				D4A985201D3C878E001407AB /* Release */,
			);
			defaultConfigurationIsVisible = 0;
			defaultConfigurationName = Release;
		};
/* End XCConfigurationList section */
	};
	rootObject = D4A9850D1D3C878E001407AB /* Project object */;
}
